// !$*UTF8*$!
{
	archiveVersion = 1;
	classes = {
	};
	objectVersion = 46;
	objects = {

/* Begin PBXBuildFile section */
		CC589E621F278F2100B85CCE /* SwiftyJSON.swift in Sources */ = {isa = PBXBuildFile; fileRef = CC589E611F278F2100B85CCE /* SwiftyJSON.swift */; };
		CC6227EE1F2485B4007FC5FB /* ChartCell.swift in Sources */ = {isa = PBXBuildFile; fileRef = CC6227EC1F2485B4007FC5FB /* ChartCell.swift */; };
		CC6227F31F2486D8007FC5FB /* HeaderView.xib in Resources */ = {isa = PBXBuildFile; fileRef = CC6227F21F2486D8007FC5FB /* HeaderView.xib */; };
		CC6227F71F24872C007FC5FB /* ChartCell.xib in Resources */ = {isa = PBXBuildFile; fileRef = CC6227F61F24872C007FC5FB /* ChartCell.xib */; };
		CC6228141F249954007FC5FB /* MultipleLinesChartView.swift in Sources */ = {isa = PBXBuildFile; fileRef = CC6228131F249954007FC5FB /* MultipleLinesChartView.swift */; };
		CCA40C0F1F223248002B1273 /* TemperatureCell.swift in Sources */ = {isa = PBXBuildFile; fileRef = CCA40C0E1F223248002B1273 /* TemperatureCell.swift */; };
		CCA40C111F2232A6002B1273 /* TemperatureCell.xib in Resources */ = {isa = PBXBuildFile; fileRef = CCA40C101F2232A6002B1273 /* TemperatureCell.xib */; };
		CCA40C191F223572002B1273 /* EnumModel.swift in Sources */ = {isa = PBXBuildFile; fileRef = CCA40C181F223572002B1273 /* EnumModel.swift */; };
		CCA40C551F22413A002B1273 /* UIAnnularProgress.swift in Sources */ = {isa = PBXBuildFile; fileRef = CCA40C541F22413A002B1273 /* UIAnnularProgress.swift */; };
		CCCC91561F210CA6003ACCA2 /* AppDelegate.swift in Sources */ = {isa = PBXBuildFile; fileRef = CCCC91551F210CA6003ACCA2 /* AppDelegate.swift */; };
		CCCC91581F210CA6003ACCA2 /* ViewController.swift in Sources */ = {isa = PBXBuildFile; fileRef = CCCC91571F210CA6003ACCA2 /* ViewController.swift */; };
		CCCC915D1F210CA6003ACCA2 /* Assets.xcassets in Resources */ = {isa = PBXBuildFile; fileRef = CCCC915C1F210CA6003ACCA2 /* Assets.xcassets */; };
		CCCC916B1F210CA6003ACCA2 /* WeatherTests.swift in Sources */ = {isa = PBXBuildFile; fileRef = CCCC916A1F210CA6003ACCA2 /* WeatherTests.swift */; };
		CCCC91761F210CA6003ACCA2 /* WeatherUITests.swift in Sources */ = {isa = PBXBuildFile; fileRef = CCCC91751F210CA6003ACCA2 /* WeatherUITests.swift */; };
		E6196FC31F2ACE3100370667 /* AnimateProtocol.swift in Sources */ = {isa = PBXBuildFile; fileRef = E6196FC21F2ACE3100370667 /* AnimateProtocol.swift */; };
		E6196FD31F2ACE6800370667 /* NetProtocol.swift in Sources */ = {isa = PBXBuildFile; fileRef = E6196FD21F2ACE6800370667 /* NetProtocol.swift */; };
		E6196FD71F2ADCE200370667 /* AnimateManager.swift in Sources */ = {isa = PBXBuildFile; fileRef = E6196FD51F2ADCE200370667 /* AnimateManager.swift */; };
		E6196FD81F2ADCE200370667 /* TransitionAnimateProtocol.swift in Sources */ = {isa = PBXBuildFile; fileRef = E6196FD61F2ADCE200370667 /* TransitionAnimateProtocol.swift */; };
		E6196FDA1F2ADFD000370667 /* LocationManager.swift in Sources */ = {isa = PBXBuildFile; fileRef = E6196FD91F2ADFD000370667 /* LocationManager.swift */; };
		E6196FEF1F2AEC7900370667 /* Charts.framework in Frameworks */ = {isa = PBXBuildFile; fileRef = E6196FEE1F2AEC7900370667 /* Charts.framework */; };
		E6196FF11F2AEC8300370667 /* Charts.framework in Embed Frameworks */ = {isa = PBXBuildFile; fileRef = E6196FEE1F2AEC7900370667 /* Charts.framework */; settings = {ATTRIBUTES = (CodeSignOnCopy, RemoveHeadersOnCopy, ); }; };
		E6379E861F2B3525007F3BC1 /* RefreshManager.swift in Sources */ = {isa = PBXBuildFile; fileRef = E6379E851F2B3525007F3BC1 /* RefreshManager.swift */; };
		E67CEADC1F33100E00B021B0 /* Launch Screen.storyboard in Resources */ = {isa = PBXBuildFile; fileRef = E67CEADB1F33100E00B021B0 /* Launch Screen.storyboard */; };
		E68E2EB81F2F04FF00857CC4 /* SetViewController.swift in Sources */ = {isa = PBXBuildFile; fileRef = E68E2EB71F2F04FF00857CC4 /* SetViewController.swift */; };
		E68E2ECD1F2F0FD900857CC4 /* Main.storyboard in Resources */ = {isa = PBXBuildFile; fileRef = E68E2ECB1F2F0FD900857CC4 /* Main.storyboard */; };
		E68E2ECF1F2F0FE700857CC4 /* Set.storyboard in Resources */ = {isa = PBXBuildFile; fileRef = E68E2ECE1F2F0FE700857CC4 /* Set.storyboard */; };
		E68E2ED11F2F102C00857CC4 /* GestureProtocol.swift in Sources */ = {isa = PBXBuildFile; fileRef = E68E2ED01F2F102C00857CC4 /* GestureProtocol.swift */; };
		E68E2ED31F2F1A7100857CC4 /* city.plist in Resources */ = {isa = PBXBuildFile; fileRef = E68E2ED21F2F1A7100857CC4 /* city.plist */; };
		E68E2ED51F2F1D4E00857CC4 /* CityPickerView.swift in Sources */ = {isa = PBXBuildFile; fileRef = E68E2ED41F2F1D4E00857CC4 /* CityPickerView.swift */; };
		E694267D1F3085EB00CA325A /* noti.m4a in Resources */ = {isa = PBXBuildFile; fileRef = E694267C1F3085EB00CA325A /* noti.m4a */; };
		E6B1A0901F26E65100633EC8 /* WindCell.swift in Sources */ = {isa = PBXBuildFile; fileRef = E6B1A08F1F26E65000633EC8 /* WindCell.swift */; };
		E6B1A0921F26E67400633EC8 /* WindCell.xib in Resources */ = {isa = PBXBuildFile; fileRef = E6B1A0911F26E67400633EC8 /* WindCell.xib */; };
		E6B1A0951F26F0EE00633EC8 /* ToolsProtocol.swift in Sources */ = {isa = PBXBuildFile; fileRef = E6B1A0941F26F0EE00633EC8 /* ToolsProtocol.swift */; };
		E6B1A0971F27346B00633EC8 /* StruceModel.swift in Sources */ = {isa = PBXBuildFile; fileRef = E6B1A0961F27346B00633EC8 /* StruceModel.swift */; };
		E6B1A1551F274C7700633EC8 /* Alamofire.framework in Frameworks */ = {isa = PBXBuildFile; fileRef = E6B1A1481F274B9000633EC8 /* Alamofire.framework */; };
		E6B1A1561F274C7700633EC8 /* Alamofire.framework in Embed Frameworks */ = {isa = PBXBuildFile; fileRef = E6B1A1481F274B9000633EC8 /* Alamofire.framework */; settings = {ATTRIBUTES = (CodeSignOnCopy, RemoveHeadersOnCopy, ); }; };
		E6BD01291F287CE4007BC048 /* HandyJSON.framework in Frameworks */ = {isa = PBXBuildFile; fileRef = E6BD011A1F287C70007BC048 /* HandyJSON.framework */; };
		E6BD012A1F287CE4007BC048 /* HandyJSON.framework in Embed Frameworks */ = {isa = PBXBuildFile; fileRef = E6BD011A1F287C70007BC048 /* HandyJSON.framework */; settings = {ATTRIBUTES = (CodeSignOnCopy, RemoveHeadersOnCopy, ); }; };
		E6DF7B021F345CD7000C35FA /* LocalNotificationProtocol.swift in Sources */ = {isa = PBXBuildFile; fileRef = E6DF7B011F345CD7000C35FA /* LocalNotificationProtocol.swift */; };
		E6E631811F219B9A005FAD1D /* HeaderView.swift in Sources */ = {isa = PBXBuildFile; fileRef = E6E631801F219B9A005FAD1D /* HeaderView.swift */; };
		E6E633A31F2200AF005FAD1D /* MainTableView.swift in Sources */ = {isa = PBXBuildFile; fileRef = E6E633A21F2200AF005FAD1D /* MainTableView.swift */; };
/* End PBXBuildFile section */

/* Begin PBXContainerItemProxy section */
		CCCC91671F210CA6003ACCA2 /* PBXContainerItemProxy */ = {
			isa = PBXContainerItemProxy;
			containerPortal = CCCC914A1F210CA6003ACCA2 /* Project object */;
			proxyType = 1;
			remoteGlobalIDString = CCCC91511F210CA6003ACCA2;
			remoteInfo = Weather;
		};
		CCCC91721F210CA6003ACCA2 /* PBXContainerItemProxy */ = {
			isa = PBXContainerItemProxy;
			containerPortal = CCCC914A1F210CA6003ACCA2 /* Project object */;
			proxyType = 1;
			remoteGlobalIDString = CCCC91511F210CA6003ACCA2;
			remoteInfo = Weather;
		};
		E6B1A1471F274B9000633EC8 /* PBXContainerItemProxy */ = {
			isa = PBXContainerItemProxy;
			containerPortal = E6B1A13C1F274B9000633EC8 /* Alamofire.xcodeproj */;
			proxyType = 2;
			remoteGlobalIDString = F8111E3319A95C8B0040E7D1;
			remoteInfo = "Alamofire iOS";
		};
		E6B1A1491F274B9000633EC8 /* PBXContainerItemProxy */ = {
			isa = PBXContainerItemProxy;
			containerPortal = E6B1A13C1F274B9000633EC8 /* Alamofire.xcodeproj */;
			proxyType = 2;
			remoteGlobalIDString = F8111E3E19A95C8B0040E7D1;
			remoteInfo = "Alamofire iOS Tests";
		};
		E6B1A14B1F274B9000633EC8 /* PBXContainerItemProxy */ = {
			isa = PBXContainerItemProxy;
			containerPortal = E6B1A13C1F274B9000633EC8 /* Alamofire.xcodeproj */;
			proxyType = 2;
			remoteGlobalIDString = 4DD67C0B1A5C55C900ED2280;
			remoteInfo = "Alamofire macOS";
		};
		E6B1A14D1F274B9000633EC8 /* PBXContainerItemProxy */ = {
			isa = PBXContainerItemProxy;
			containerPortal = E6B1A13C1F274B9000633EC8 /* Alamofire.xcodeproj */;
			proxyType = 2;
			remoteGlobalIDString = F829C6B21A7A94F100A2CD59;
			remoteInfo = "Alamofire macOS Tests";
		};
		E6B1A14F1F274B9000633EC8 /* PBXContainerItemProxy */ = {
			isa = PBXContainerItemProxy;
			containerPortal = E6B1A13C1F274B9000633EC8 /* Alamofire.xcodeproj */;
			proxyType = 2;
			remoteGlobalIDString = 4CF626EF1BA7CB3E0011A099;
			remoteInfo = "Alamofire tvOS";
		};
		E6B1A1511F274B9000633EC8 /* PBXContainerItemProxy */ = {
			isa = PBXContainerItemProxy;
			containerPortal = E6B1A13C1F274B9000633EC8 /* Alamofire.xcodeproj */;
			proxyType = 2;
			remoteGlobalIDString = 4CF626F81BA7CB3E0011A099;
			remoteInfo = "Alamofire tvOS Tests";
		};
		E6B1A1531F274B9000633EC8 /* PBXContainerItemProxy */ = {
			isa = PBXContainerItemProxy;
			containerPortal = E6B1A13C1F274B9000633EC8 /* Alamofire.xcodeproj */;
			proxyType = 2;
			remoteGlobalIDString = E4202FE01B667AA100C997FB;
			remoteInfo = "Alamofire watchOS";
		};
		E6B1A1571F274C7700633EC8 /* PBXContainerItemProxy */ = {
			isa = PBXContainerItemProxy;
			containerPortal = E6B1A13C1F274B9000633EC8 /* Alamofire.xcodeproj */;
			proxyType = 1;
			remoteGlobalIDString = F8111E3219A95C8B0040E7D1;
			remoteInfo = "Alamofire iOS";
		};
		E6BD01191F287C70007BC048 /* PBXContainerItemProxy */ = {
			isa = PBXContainerItemProxy;
			containerPortal = E6BD01071F287C6F007BC048 /* HandyJSON.xcodeproj */;
			proxyType = 2;
			remoteGlobalIDString = 21520C441D3341B200F53111;
			remoteInfo = "HandyJSON iOS";
		};
		E6BD011B1F287C70007BC048 /* PBXContainerItemProxy */ = {
			isa = PBXContainerItemProxy;
			containerPortal = E6BD01071F287C6F007BC048 /* HandyJSON.xcodeproj */;
			proxyType = 2;
			remoteGlobalIDString = 21520C5B1D3344A900F53111;
			remoteInfo = HandyJSONDemo;
		};
		E6BD011D1F287C70007BC048 /* PBXContainerItemProxy */ = {
			isa = PBXContainerItemProxy;
			containerPortal = E6BD01071F287C6F007BC048 /* HandyJSON.xcodeproj */;
			proxyType = 2;
			remoteGlobalIDString = 217B046D1D571B9F0035A8E2;
			remoteInfo = "HandyJSON iOS Tests";
		};
		E6BD011F1F287C70007BC048 /* PBXContainerItemProxy */ = {
			isa = PBXContainerItemProxy;
			containerPortal = E6BD01071F287C6F007BC048 /* HandyJSON.xcodeproj */;
			proxyType = 2;
			remoteGlobalIDString = 393E0F9B1DA1650E00B3BC12;
			remoteInfo = "HandyJSON watchOS";
		};
		E6BD01211F287C70007BC048 /* PBXContainerItemProxy */ = {
			isa = PBXContainerItemProxy;
			containerPortal = E6BD01071F287C6F007BC048 /* HandyJSON.xcodeproj */;
			proxyType = 2;
			remoteGlobalIDString = 393E0FB11DA2441E00B3BC12;
			remoteInfo = "HandyJSON tvOS";
		};
		E6BD01231F287C70007BC048 /* PBXContainerItemProxy */ = {
			isa = PBXContainerItemProxy;
			containerPortal = E6BD01071F287C6F007BC048 /* HandyJSON.xcodeproj */;
			proxyType = 2;
			remoteGlobalIDString = 393E0FB91DA2441E00B3BC12;
			remoteInfo = "HandyJSON tvOS Tests";
		};
		E6BD01251F287C70007BC048 /* PBXContainerItemProxy */ = {
			isa = PBXContainerItemProxy;
			containerPortal = E6BD01071F287C6F007BC048 /* HandyJSON.xcodeproj */;
			proxyType = 2;
			remoteGlobalIDString = 393E0FE11DA2494F00B3BC12;
			remoteInfo = "HandyJSON macOS";
		};
		E6BD01271F287C70007BC048 /* PBXContainerItemProxy */ = {
			isa = PBXContainerItemProxy;
			containerPortal = E6BD01071F287C6F007BC048 /* HandyJSON.xcodeproj */;
			proxyType = 2;
			remoteGlobalIDString = 393E0FE91DA2494F00B3BC12;
			remoteInfo = "HandyJSON macOS Tests";
		};
		E6BD012B1F287CE4007BC048 /* PBXContainerItemProxy */ = {
			isa = PBXContainerItemProxy;
			containerPortal = E6BD01071F287C6F007BC048 /* HandyJSON.xcodeproj */;
			proxyType = 1;
			remoteGlobalIDString = 21520C431D3341B200F53111;
			remoteInfo = "HandyJSON iOS";
		};
/* End PBXContainerItemProxy section */

/* Begin PBXCopyFilesBuildPhase section */
		CC6228181F24A023007FC5FB /* Embed Frameworks */ = {
			isa = PBXCopyFilesBuildPhase;
			buildActionMask = 2147483647;
			dstPath = "";
			dstSubfolderSpec = 10;
			files = (
				E6196FF11F2AEC8300370667 /* Charts.framework in Embed Frameworks */,
				E6B1A1561F274C7700633EC8 /* Alamofire.framework in Embed Frameworks */,
				E6BD012A1F287CE4007BC048 /* HandyJSON.framework in Embed Frameworks */,
			);
			name = "Embed Frameworks";
			runOnlyForDeploymentPostprocessing = 0;
		};
/* End PBXCopyFilesBuildPhase section */

/* Begin PBXFileReference section */
		CC589E611F278F2100B85CCE /* SwiftyJSON.swift */ = {isa = PBXFileReference; fileEncoding = 4; lastKnownFileType = sourcecode.swift; path = SwiftyJSON.swift; sourceTree = "<group>"; };
		CC6227EC1F2485B4007FC5FB /* ChartCell.swift */ = {isa = PBXFileReference; fileEncoding = 4; lastKnownFileType = sourcecode.swift; path = ChartCell.swift; sourceTree = "<group>"; };
		CC6227F21F2486D8007FC5FB /* HeaderView.xib */ = {isa = PBXFileReference; fileEncoding = 4; lastKnownFileType = file.xib; path = HeaderView.xib; sourceTree = "<group>"; };
		CC6227F61F24872C007FC5FB /* ChartCell.xib */ = {isa = PBXFileReference; fileEncoding = 4; lastKnownFileType = file.xib; path = ChartCell.xib; sourceTree = "<group>"; };
		CC6228131F249954007FC5FB /* MultipleLinesChartView.swift */ = {isa = PBXFileReference; fileEncoding = 4; lastKnownFileType = sourcecode.swift; path = MultipleLinesChartView.swift; sourceTree = "<group>"; };
		CCA40C0E1F223248002B1273 /* TemperatureCell.swift */ = {isa = PBXFileReference; fileEncoding = 4; lastKnownFileType = sourcecode.swift; path = TemperatureCell.swift; sourceTree = "<group>"; };
		CCA40C101F2232A6002B1273 /* TemperatureCell.xib */ = {isa = PBXFileReference; fileEncoding = 4; lastKnownFileType = file.xib; path = TemperatureCell.xib; sourceTree = "<group>"; };
		CCA40C181F223572002B1273 /* EnumModel.swift */ = {isa = PBXFileReference; fileEncoding = 4; lastKnownFileType = sourcecode.swift; path = EnumModel.swift; sourceTree = "<group>"; };
		CCA40C541F22413A002B1273 /* UIAnnularProgress.swift */ = {isa = PBXFileReference; fileEncoding = 4; lastKnownFileType = sourcecode.swift; path = UIAnnularProgress.swift; sourceTree = "<group>"; };
		CCCC91521F210CA6003ACCA2 /* WeatherLife.app */ = {isa = PBXFileReference; explicitFileType = wrapper.application; includeInIndex = 0; path = WeatherLife.app; sourceTree = BUILT_PRODUCTS_DIR; };
		CCCC91551F210CA6003ACCA2 /* AppDelegate.swift */ = {isa = PBXFileReference; lastKnownFileType = sourcecode.swift; path = AppDelegate.swift; sourceTree = "<group>"; };
		CCCC91571F210CA6003ACCA2 /* ViewController.swift */ = {isa = PBXFileReference; lastKnownFileType = sourcecode.swift; path = ViewController.swift; sourceTree = "<group>"; };
		CCCC915C1F210CA6003ACCA2 /* Assets.xcassets */ = {isa = PBXFileReference; lastKnownFileType = folder.assetcatalog; path = Assets.xcassets; sourceTree = "<group>"; };
		CCCC91611F210CA6003ACCA2 /* Info.plist */ = {isa = PBXFileReference; lastKnownFileType = text.plist.xml; path = Info.plist; sourceTree = "<group>"; };
		CCCC91661F210CA6003ACCA2 /* WeatherLifeTests.xctest */ = {isa = PBXFileReference; explicitFileType = wrapper.cfbundle; includeInIndex = 0; path = WeatherLifeTests.xctest; sourceTree = BUILT_PRODUCTS_DIR; };
		CCCC916A1F210CA6003ACCA2 /* WeatherTests.swift */ = {isa = PBXFileReference; lastKnownFileType = sourcecode.swift; path = WeatherTests.swift; sourceTree = "<group>"; };
		CCCC916C1F210CA6003ACCA2 /* Info.plist */ = {isa = PBXFileReference; lastKnownFileType = text.plist.xml; path = Info.plist; sourceTree = "<group>"; };
		CCCC91711F210CA6003ACCA2 /* WeatherLifeUITests.xctest */ = {isa = PBXFileReference; explicitFileType = wrapper.cfbundle; includeInIndex = 0; path = WeatherLifeUITests.xctest; sourceTree = BUILT_PRODUCTS_DIR; };
		CCCC91751F210CA6003ACCA2 /* WeatherUITests.swift */ = {isa = PBXFileReference; lastKnownFileType = sourcecode.swift; path = WeatherUITests.swift; sourceTree = "<group>"; };
		CCCC91771F210CA6003ACCA2 /* Info.plist */ = {isa = PBXFileReference; lastKnownFileType = text.plist.xml; path = Info.plist; sourceTree = "<group>"; };
		E6196FC21F2ACE3100370667 /* AnimateProtocol.swift */ = {isa = PBXFileReference; fileEncoding = 4; lastKnownFileType = sourcecode.swift; path = AnimateProtocol.swift; sourceTree = "<group>"; };
		E6196FD21F2ACE6800370667 /* NetProtocol.swift */ = {isa = PBXFileReference; fileEncoding = 4; lastKnownFileType = sourcecode.swift; path = NetProtocol.swift; sourceTree = "<group>"; };
		E6196FD51F2ADCE200370667 /* AnimateManager.swift */ = {isa = PBXFileReference; fileEncoding = 4; lastKnownFileType = sourcecode.swift; path = AnimateManager.swift; sourceTree = "<group>"; };
		E6196FD61F2ADCE200370667 /* TransitionAnimateProtocol.swift */ = {isa = PBXFileReference; fileEncoding = 4; lastKnownFileType = sourcecode.swift; path = TransitionAnimateProtocol.swift; sourceTree = "<group>"; };
		E6196FD91F2ADFD000370667 /* LocationManager.swift */ = {isa = PBXFileReference; fileEncoding = 4; lastKnownFileType = sourcecode.swift; path = LocationManager.swift; sourceTree = "<group>"; };
		E6196FEE1F2AEC7900370667 /* Charts.framework */ = {isa = PBXFileReference; lastKnownFileType = wrapper.framework; path = Charts.framework; sourceTree = "<group>"; };
		E6379E851F2B3525007F3BC1 /* RefreshManager.swift */ = {isa = PBXFileReference; fileEncoding = 4; lastKnownFileType = sourcecode.swift; path = RefreshManager.swift; sourceTree = "<group>"; };
		E67CEADB1F33100E00B021B0 /* Launch Screen.storyboard */ = {isa = PBXFileReference; fileEncoding = 4; lastKnownFileType = file.storyboard; path = "Launch Screen.storyboard"; sourceTree = "<group>"; };
		E68E2EB71F2F04FF00857CC4 /* SetViewController.swift */ = {isa = PBXFileReference; fileEncoding = 4; lastKnownFileType = sourcecode.swift; path = SetViewController.swift; sourceTree = "<group>"; };
		E68E2ECC1F2F0FD900857CC4 /* Base */ = {isa = PBXFileReference; lastKnownFileType = file.storyboard; name = Base; path = Base.lproj/Main.storyboard; sourceTree = "<group>"; };
		E68E2ECE1F2F0FE700857CC4 /* Set.storyboard */ = {isa = PBXFileReference; fileEncoding = 4; lastKnownFileType = file.storyboard; path = Set.storyboard; sourceTree = "<group>"; };
		E68E2ED01F2F102C00857CC4 /* GestureProtocol.swift */ = {isa = PBXFileReference; fileEncoding = 4; lastKnownFileType = sourcecode.swift; path = GestureProtocol.swift; sourceTree = "<group>"; };
		E68E2ED21F2F1A7100857CC4 /* city.plist */ = {isa = PBXFileReference; fileEncoding = 4; lastKnownFileType = text.plist.xml; path = city.plist; sourceTree = "<group>"; };
		E68E2ED41F2F1D4E00857CC4 /* CityPickerView.swift */ = {isa = PBXFileReference; fileEncoding = 4; lastKnownFileType = sourcecode.swift; path = CityPickerView.swift; sourceTree = "<group>"; };
		E694267C1F3085EB00CA325A /* noti.m4a */ = {isa = PBXFileReference; lastKnownFileType = file; path = noti.m4a; sourceTree = "<group>"; };
		E6B1A08F1F26E65000633EC8 /* WindCell.swift */ = {isa = PBXFileReference; fileEncoding = 4; lastKnownFileType = sourcecode.swift; path = WindCell.swift; sourceTree = "<group>"; };
		E6B1A0911F26E67400633EC8 /* WindCell.xib */ = {isa = PBXFileReference; fileEncoding = 4; lastKnownFileType = file.xib; path = WindCell.xib; sourceTree = "<group>"; };
		E6B1A0941F26F0EE00633EC8 /* ToolsProtocol.swift */ = {isa = PBXFileReference; fileEncoding = 4; lastKnownFileType = sourcecode.swift; path = ToolsProtocol.swift; sourceTree = "<group>"; };
		E6B1A0961F27346B00633EC8 /* StruceModel.swift */ = {isa = PBXFileReference; fileEncoding = 4; lastKnownFileType = sourcecode.swift; path = StruceModel.swift; sourceTree = "<group>"; };
		E6B1A13C1F274B9000633EC8 /* Alamofire.xcodeproj */ = {isa = PBXFileReference; lastKnownFileType = "wrapper.pb-project"; name = Alamofire.xcodeproj; path = Alamofire/Alamofire.xcodeproj; sourceTree = SOURCE_ROOT; };
		E6BD01071F287C6F007BC048 /* HandyJSON.xcodeproj */ = {isa = PBXFileReference; lastKnownFileType = "wrapper.pb-project"; name = HandyJSON.xcodeproj; path = HandyJSON/HandyJSON.xcodeproj; sourceTree = SOURCE_ROOT; };
		E6DF7B011F345CD7000C35FA /* LocalNotificationProtocol.swift */ = {isa = PBXFileReference; fileEncoding = 4; lastKnownFileType = sourcecode.swift; path = LocalNotificationProtocol.swift; sourceTree = "<group>"; };
		E6E631801F219B9A005FAD1D /* HeaderView.swift */ = {isa = PBXFileReference; fileEncoding = 4; lastKnownFileType = sourcecode.swift; path = HeaderView.swift; sourceTree = "<group>"; };
		E6E633A21F2200AF005FAD1D /* MainTableView.swift */ = {isa = PBXFileReference; fileEncoding = 4; lastKnownFileType = sourcecode.swift; path = MainTableView.swift; sourceTree = "<group>"; };
/* End PBXFileReference section */

/* Begin PBXFrameworksBuildPhase section */
		CCCC914F1F210CA6003ACCA2 /* Frameworks */ = {
			isa = PBXFrameworksBuildPhase;
			buildActionMask = 2147483647;
			files = (
				E6196FEF1F2AEC7900370667 /* Charts.framework in Frameworks */,
				E6BD01291F287CE4007BC048 /* HandyJSON.framework in Frameworks */,
				E6B1A1551F274C7700633EC8 /* Alamofire.framework in Frameworks */,
			);
			runOnlyForDeploymentPostprocessing = 0;
		};
		CCCC91631F210CA6003ACCA2 /* Frameworks */ = {
			isa = PBXFrameworksBuildPhase;
			buildActionMask = 2147483647;
			files = (
			);
			runOnlyForDeploymentPostprocessing = 0;
		};
		CCCC916E1F210CA6003ACCA2 /* Frameworks */ = {
			isa = PBXFrameworksBuildPhase;
			buildActionMask = 2147483647;
			files = (
			);
			runOnlyForDeploymentPostprocessing = 0;
		};
/* End PBXFrameworksBuildPhase section */

/* Begin PBXGroup section */
		CC6227FB1F248FF1007FC5FB /* depends */ = {
			isa = PBXGroup;
			children = (
				E6196FEE1F2AEC7900370667 /* Charts.framework */,
				E6196FD41F2ADCE200370667 /* Transiton */,
				E6BD01071F287C6F007BC048 /* HandyJSON.xcodeproj */,
				CC589E611F278F2100B85CCE /* SwiftyJSON.swift */,
				E6B1A13C1F274B9000633EC8 /* Alamofire.xcodeproj */,
			);
			path = depends;
			sourceTree = "<group>";
		};
		CCA40C171F223572002B1273 /* Model */ = {
			isa = PBXGroup;
			children = (
				CCA40C181F223572002B1273 /* EnumModel.swift */,
				E6B1A0961F27346B00633EC8 /* StruceModel.swift */,
			);
			path = Model;
			sourceTree = "<group>";
		};
		CCCC91491F210CA6003ACCA2 = {
			isa = PBXGroup;
			children = (
				CCCC91541F210CA6003ACCA2 /* Weather */,
				CCCC91691F210CA6003ACCA2 /* WeatherTests */,
				CCCC91741F210CA6003ACCA2 /* WeatherUITests */,
				CCCC91531F210CA6003ACCA2 /* Products */,
			);
			sourceTree = "<group>";
		};
		CCCC91531F210CA6003ACCA2 /* Products */ = {
			isa = PBXGroup;
			children = (
				CCCC91521F210CA6003ACCA2 /* WeatherLife.app */,
				CCCC91661F210CA6003ACCA2 /* WeatherLifeTests.xctest */,
				CCCC91711F210CA6003ACCA2 /* WeatherLifeUITests.xctest */,
			);
			name = Products;
			sourceTree = "<group>";
		};
		CCCC91541F210CA6003ACCA2 /* Weather */ = {
			isa = PBXGroup;
			children = (
				CCCC91551F210CA6003ACCA2 /* AppDelegate.swift */,
				CCCC91571F210CA6003ACCA2 /* ViewController.swift */,
				E68E2EB71F2F04FF00857CC4 /* SetViewController.swift */,
				E6B1A0931F26F0C400633EC8 /* Tools */,
				CC6227FB1F248FF1007FC5FB /* depends */,
				CCA40C171F223572002B1273 /* Model */,
				E6E6317F1F219B9A005FAD1D /* view */,
				E6E6317E1F219929005FAD1D /* nib */,
				CCCC915C1F210CA6003ACCA2 /* Assets.xcassets */,
				E68E2ECB1F2F0FD900857CC4 /* Main.storyboard */,
				E68E2ECE1F2F0FE700857CC4 /* Set.storyboard */,
				E67CEADB1F33100E00B021B0 /* Launch Screen.storyboard */,
				E694267C1F3085EB00CA325A /* noti.m4a */,
				CCCC91611F210CA6003ACCA2 /* Info.plist */,
				E68E2ED21F2F1A7100857CC4 /* city.plist */,
			);
			path = Weather;
			sourceTree = "<group>";
		};
		CCCC91691F210CA6003ACCA2 /* WeatherTests */ = {
			isa = PBXGroup;
			children = (
				CCCC916A1F210CA6003ACCA2 /* WeatherTests.swift */,
				CCCC916C1F210CA6003ACCA2 /* Info.plist */,
			);
			path = WeatherTests;
			sourceTree = "<group>";
		};
		CCCC91741F210CA6003ACCA2 /* WeatherUITests */ = {
			isa = PBXGroup;
			children = (
				CCCC91751F210CA6003ACCA2 /* WeatherUITests.swift */,
				CCCC91771F210CA6003ACCA2 /* Info.plist */,
			);
			path = WeatherUITests;
			sourceTree = "<group>";
		};
		E6196FD41F2ADCE200370667 /* Transiton */ = {
			isa = PBXGroup;
			children = (
				E6196FD51F2ADCE200370667 /* AnimateManager.swift */,
				E6196FD61F2ADCE200370667 /* TransitionAnimateProtocol.swift */,
			);
			path = Transiton;
			sourceTree = "<group>";
		};
		E6B1A0931F26F0C400633EC8 /* Tools */ = {
			isa = PBXGroup;
			children = (
				E68E2ED01F2F102C00857CC4 /* GestureProtocol.swift */,
				E6B1A0941F26F0EE00633EC8 /* ToolsProtocol.swift */,
				E6196FC21F2ACE3100370667 /* AnimateProtocol.swift */,
				E6196FD21F2ACE6800370667 /* NetProtocol.swift */,
				E6196FD91F2ADFD000370667 /* LocationManager.swift */,
				E6379E851F2B3525007F3BC1 /* RefreshManager.swift */,
				E6DF7B011F345CD7000C35FA /* LocalNotificationProtocol.swift */,
			);
			path = Tools;
			sourceTree = "<group>";
		};
		E6B1A13D1F274B9000633EC8 /* Products */ = {
			isa = PBXGroup;
			children = (
				E6B1A1481F274B9000633EC8 /* Alamofire.framework */,
				E6B1A14A1F274B9000633EC8 /* Alamofire iOS Tests.xctest */,
				E6B1A14C1F274B9000633EC8 /* Alamofire.framework */,
				E6B1A14E1F274B9000633EC8 /* Alamofire macOS Tests.xctest */,
				E6B1A1501F274B9000633EC8 /* Alamofire.framework */,
				E6B1A1521F274B9000633EC8 /* Alamofire tvOS Tests.xctest */,
				E6B1A1541F274B9000633EC8 /* Alamofire.framework */,
			);
			name = Products;
			sourceTree = "<group>";
		};
		E6BD01081F287C6F007BC048 /* Products */ = {
			isa = PBXGroup;
			children = (
				E6BD011A1F287C70007BC048 /* HandyJSON.framework */,
				E6BD011C1F287C70007BC048 /* HandyJSONDemo.app */,
				E6BD011E1F287C70007BC048 /* HandyJSON iOS Tests.xctest */,
				E6BD01201F287C70007BC048 /* HandyJSON.framework */,
				E6BD01221F287C70007BC048 /* HandyJSON.framework */,
				E6BD01241F287C70007BC048 /* HandyJSON tvOS Tests.xctest */,
				E6BD01261F287C70007BC048 /* HandyJSON.framework */,
				E6BD01281F287C70007BC048 /* HandyJSON macOS Tests.xctest */,
			);
			name = Products;
			sourceTree = "<group>";
		};
		E6E6317E1F219929005FAD1D /* nib */ = {
			isa = PBXGroup;
			children = (
				CC6227F21F2486D8007FC5FB /* HeaderView.xib */,
				CC6227F61F24872C007FC5FB /* ChartCell.xib */,
				CCA40C101F2232A6002B1273 /* TemperatureCell.xib */,
				E6B1A0911F26E67400633EC8 /* WindCell.xib */,
			);
			path = nib;
			sourceTree = "<group>";
		};
		E6E6317F1F219B9A005FAD1D /* view */ = {
			isa = PBXGroup;
			children = (
				E6E631801F219B9A005FAD1D /* HeaderView.swift */,
				E6E633A21F2200AF005FAD1D /* MainTableView.swift */,
				CCA40C0E1F223248002B1273 /* TemperatureCell.swift */,
				CC6227EC1F2485B4007FC5FB /* ChartCell.swift */,
				E6B1A08F1F26E65000633EC8 /* WindCell.swift */,
				CCA40C541F22413A002B1273 /* UIAnnularProgress.swift */,
				CC6228131F249954007FC5FB /* MultipleLinesChartView.swift */,
				E68E2ED41F2F1D4E00857CC4 /* CityPickerView.swift */,
			);
			path = view;
			sourceTree = "<group>";
		};
/* End PBXGroup section */

/* Begin PBXNativeTarget section */
		CCCC91511F210CA6003ACCA2 /* WeatherLife */ = {
			isa = PBXNativeTarget;
			buildConfigurationList = CCCC917A1F210CA6003ACCA2 /* Build configuration list for PBXNativeTarget "WeatherLife" */;
			buildPhases = (
				CCCC914E1F210CA6003ACCA2 /* Sources */,
				CCCC914F1F210CA6003ACCA2 /* Frameworks */,
				CCCC91501F210CA6003ACCA2 /* Resources */,
				CC6228181F24A023007FC5FB /* Embed Frameworks */,
			);
			buildRules = (
			);
			dependencies = (
				E6B1A1581F274C7700633EC8 /* PBXTargetDependency */,
				E6BD012C1F287CE4007BC048 /* PBXTargetDependency */,
			);
			name = WeatherLife;
			productName = Weather;
			productReference = CCCC91521F210CA6003ACCA2 /* WeatherLife.app */;
			productType = "com.apple.product-type.application";
		};
		CCCC91651F210CA6003ACCA2 /* WeatherLifeTests */ = {
			isa = PBXNativeTarget;
			buildConfigurationList = CCCC917D1F210CA6003ACCA2 /* Build configuration list for PBXNativeTarget "WeatherLifeTests" */;
			buildPhases = (
				CCCC91621F210CA6003ACCA2 /* Sources */,
				CCCC91631F210CA6003ACCA2 /* Frameworks */,
				CCCC91641F210CA6003ACCA2 /* Resources */,
			);
			buildRules = (
			);
			dependencies = (
				CCCC91681F210CA6003ACCA2 /* PBXTargetDependency */,
			);
			name = WeatherLifeTests;
			productName = WeatherTests;
			productReference = CCCC91661F210CA6003ACCA2 /* WeatherLifeTests.xctest */;
			productType = "com.apple.product-type.bundle.unit-test";
		};
		CCCC91701F210CA6003ACCA2 /* WeatherLifeUITests */ = {
			isa = PBXNativeTarget;
			buildConfigurationList = CCCC91801F210CA6003ACCA2 /* Build configuration list for PBXNativeTarget "WeatherLifeUITests" */;
			buildPhases = (
				CCCC916D1F210CA6003ACCA2 /* Sources */,
				CCCC916E1F210CA6003ACCA2 /* Frameworks */,
				CCCC916F1F210CA6003ACCA2 /* Resources */,
			);
			buildRules = (
			);
			dependencies = (
				CCCC91731F210CA6003ACCA2 /* PBXTargetDependency */,
			);
			name = WeatherLifeUITests;
			productName = WeatherUITests;
			productReference = CCCC91711F210CA6003ACCA2 /* WeatherLifeUITests.xctest */;
			productType = "com.apple.product-type.bundle.ui-testing";
		};
/* End PBXNativeTarget section */

/* Begin PBXProject section */
		CCCC914A1F210CA6003ACCA2 /* Project object */ = {
			isa = PBXProject;
			attributes = {
				LastSwiftUpdateCheck = 0830;
				LastUpgradeCheck = 0830;
				ORGANIZATIONNAME = yadong.ye;
				TargetAttributes = {
					CCCC91511F210CA6003ACCA2 = {
						CreatedOnToolsVersion = 8.3.2;
						DevelopmentTeam = 8ZX32FES47;
						ProvisioningStyle = Automatic;
					};
					CCCC91651F210CA6003ACCA2 = {
						CreatedOnToolsVersion = 8.3.2;
						DevelopmentTeam = N4BV59BFD9;
						ProvisioningStyle = Automatic;
						TestTargetID = CCCC91511F210CA6003ACCA2;
					};
					CCCC91701F210CA6003ACCA2 = {
						CreatedOnToolsVersion = 8.3.2;
						DevelopmentTeam = N4BV59BFD9;
						ProvisioningStyle = Automatic;
						TestTargetID = CCCC91511F210CA6003ACCA2;
					};
				};
			};
			buildConfigurationList = CCCC914D1F210CA6003ACCA2 /* Build configuration list for PBXProject "WeatherLife" */;
			compatibilityVersion = "Xcode 3.2";
			developmentRegion = English;
			hasScannedForEncodings = 0;
			knownRegions = (
				en,
				Base,
			);
			mainGroup = CCCC91491F210CA6003ACCA2;
			productRefGroup = CCCC91531F210CA6003ACCA2 /* Products */;
			projectDirPath = "";
			projectReferences = (
				{
					ProductGroup = E6B1A13D1F274B9000633EC8 /* Products */;
					ProjectRef = E6B1A13C1F274B9000633EC8 /* Alamofire.xcodeproj */;
				},
				{
					ProductGroup = E6BD01081F287C6F007BC048 /* Products */;
					ProjectRef = E6BD01071F287C6F007BC048 /* HandyJSON.xcodeproj */;
				},
			);
			projectRoot = "";
			targets = (
				CCCC91511F210CA6003ACCA2 /* WeatherLife */,
				CCCC91651F210CA6003ACCA2 /* WeatherLifeTests */,
				CCCC91701F210CA6003ACCA2 /* WeatherLifeUITests */,
			);
		};
/* End PBXProject section */

/* Begin PBXReferenceProxy section */
		E6B1A1481F274B9000633EC8 /* Alamofire.framework */ = {
			isa = PBXReferenceProxy;
			fileType = wrapper.framework;
			path = Alamofire.framework;
			remoteRef = E6B1A1471F274B9000633EC8 /* PBXContainerItemProxy */;
			sourceTree = BUILT_PRODUCTS_DIR;
		};
		E6B1A14A1F274B9000633EC8 /* Alamofire iOS Tests.xctest */ = {
			isa = PBXReferenceProxy;
			fileType = wrapper.cfbundle;
			path = "Alamofire iOS Tests.xctest";
			remoteRef = E6B1A1491F274B9000633EC8 /* PBXContainerItemProxy */;
			sourceTree = BUILT_PRODUCTS_DIR;
		};
		E6B1A14C1F274B9000633EC8 /* Alamofire.framework */ = {
			isa = PBXReferenceProxy;
			fileType = wrapper.framework;
			path = Alamofire.framework;
			remoteRef = E6B1A14B1F274B9000633EC8 /* PBXContainerItemProxy */;
			sourceTree = BUILT_PRODUCTS_DIR;
		};
		E6B1A14E1F274B9000633EC8 /* Alamofire macOS Tests.xctest */ = {
			isa = PBXReferenceProxy;
			fileType = wrapper.cfbundle;
			path = "Alamofire macOS Tests.xctest";
			remoteRef = E6B1A14D1F274B9000633EC8 /* PBXContainerItemProxy */;
			sourceTree = BUILT_PRODUCTS_DIR;
		};
		E6B1A1501F274B9000633EC8 /* Alamofire.framework */ = {
			isa = PBXReferenceProxy;
			fileType = wrapper.framework;
			path = Alamofire.framework;
			remoteRef = E6B1A14F1F274B9000633EC8 /* PBXContainerItemProxy */;
			sourceTree = BUILT_PRODUCTS_DIR;
		};
		E6B1A1521F274B9000633EC8 /* Alamofire tvOS Tests.xctest */ = {
			isa = PBXReferenceProxy;
			fileType = wrapper.cfbundle;
			path = "Alamofire tvOS Tests.xctest";
			remoteRef = E6B1A1511F274B9000633EC8 /* PBXContainerItemProxy */;
			sourceTree = BUILT_PRODUCTS_DIR;
		};
		E6B1A1541F274B9000633EC8 /* Alamofire.framework */ = {
			isa = PBXReferenceProxy;
			fileType = wrapper.framework;
			path = Alamofire.framework;
			remoteRef = E6B1A1531F274B9000633EC8 /* PBXContainerItemProxy */;
			sourceTree = BUILT_PRODUCTS_DIR;
		};
		E6BD011A1F287C70007BC048 /* HandyJSON.framework */ = {
			isa = PBXReferenceProxy;
			fileType = wrapper.framework;
			path = HandyJSON.framework;
			remoteRef = E6BD01191F287C70007BC048 /* PBXContainerItemProxy */;
			sourceTree = BUILT_PRODUCTS_DIR;
		};
		E6BD011C1F287C70007BC048 /* HandyJSONDemo.app */ = {
			isa = PBXReferenceProxy;
			fileType = wrapper.application;
			path = HandyJSONDemo.app;
			remoteRef = E6BD011B1F287C70007BC048 /* PBXContainerItemProxy */;
			sourceTree = BUILT_PRODUCTS_DIR;
		};
		E6BD011E1F287C70007BC048 /* HandyJSON iOS Tests.xctest */ = {
			isa = PBXReferenceProxy;
			fileType = wrapper.cfbundle;
			path = "HandyJSON iOS Tests.xctest";
			remoteRef = E6BD011D1F287C70007BC048 /* PBXContainerItemProxy */;
			sourceTree = BUILT_PRODUCTS_DIR;
		};
		E6BD01201F287C70007BC048 /* HandyJSON.framework */ = {
			isa = PBXReferenceProxy;
			fileType = wrapper.framework;
			path = HandyJSON.framework;
			remoteRef = E6BD011F1F287C70007BC048 /* PBXContainerItemProxy */;
			sourceTree = BUILT_PRODUCTS_DIR;
		};
		E6BD01221F287C70007BC048 /* HandyJSON.framework */ = {
			isa = PBXReferenceProxy;
			fileType = wrapper.framework;
			path = HandyJSON.framework;
			remoteRef = E6BD01211F287C70007BC048 /* PBXContainerItemProxy */;
			sourceTree = BUILT_PRODUCTS_DIR;
		};
		E6BD01241F287C70007BC048 /* HandyJSON tvOS Tests.xctest */ = {
			isa = PBXReferenceProxy;
			fileType = wrapper.cfbundle;
			path = "HandyJSON tvOS Tests.xctest";
			remoteRef = E6BD01231F287C70007BC048 /* PBXContainerItemProxy */;
			sourceTree = BUILT_PRODUCTS_DIR;
		};
		E6BD01261F287C70007BC048 /* HandyJSON.framework */ = {
			isa = PBXReferenceProxy;
			fileType = wrapper.framework;
			path = HandyJSON.framework;
			remoteRef = E6BD01251F287C70007BC048 /* PBXContainerItemProxy */;
			sourceTree = BUILT_PRODUCTS_DIR;
		};
		E6BD01281F287C70007BC048 /* HandyJSON macOS Tests.xctest */ = {
			isa = PBXReferenceProxy;
			fileType = wrapper.cfbundle;
			path = "HandyJSON macOS Tests.xctest";
			remoteRef = E6BD01271F287C70007BC048 /* PBXContainerItemProxy */;
			sourceTree = BUILT_PRODUCTS_DIR;
		};
/* End PBXReferenceProxy section */

/* Begin PBXResourcesBuildPhase section */
		CCCC91501F210CA6003ACCA2 /* Resources */ = {
			isa = PBXResourcesBuildPhase;
			buildActionMask = 2147483647;
			files = (
				E68E2ECD1F2F0FD900857CC4 /* Main.storyboard in Resources */,
				E68E2ECF1F2F0FE700857CC4 /* Set.storyboard in Resources */,
				E68E2ED31F2F1A7100857CC4 /* city.plist in Resources */,
				CCCC915D1F210CA6003ACCA2 /* Assets.xcassets in Resources */,
				CCA40C111F2232A6002B1273 /* TemperatureCell.xib in Resources */,
				CC6227F31F2486D8007FC5FB /* HeaderView.xib in Resources */,
				CC6227F71F24872C007FC5FB /* ChartCell.xib in Resources */,
				E6B1A0921F26E67400633EC8 /* WindCell.xib in Resources */,
				E67CEADC1F33100E00B021B0 /* Launch Screen.storyboard in Resources */,
				E694267D1F3085EB00CA325A /* noti.m4a in Resources */,
			);
			runOnlyForDeploymentPostprocessing = 0;
		};
		CCCC91641F210CA6003ACCA2 /* Resources */ = {
			isa = PBXResourcesBuildPhase;
			buildActionMask = 2147483647;
			files = (
			);
			runOnlyForDeploymentPostprocessing = 0;
		};
		CCCC916F1F210CA6003ACCA2 /* Resources */ = {
			isa = PBXResourcesBuildPhase;
			buildActionMask = 2147483647;
			files = (
			);
			runOnlyForDeploymentPostprocessing = 0;
		};
/* End PBXResourcesBuildPhase section */

/* Begin PBXSourcesBuildPhase section */
		CCCC914E1F210CA6003ACCA2 /* Sources */ = {
			isa = PBXSourcesBuildPhase;
			buildActionMask = 2147483647;
			files = (
				E6DF7B021F345CD7000C35FA /* LocalNotificationProtocol.swift in Sources */,
				CC6228141F249954007FC5FB /* MultipleLinesChartView.swift in Sources */,
				E68E2EB81F2F04FF00857CC4 /* SetViewController.swift in Sources */,
				E6B1A0901F26E65100633EC8 /* WindCell.swift in Sources */,
				CCCC91581F210CA6003ACCA2 /* ViewController.swift in Sources */,
				CCA40C551F22413A002B1273 /* UIAnnularProgress.swift in Sources */,
				E6379E861F2B3525007F3BC1 /* RefreshManager.swift in Sources */,
				CCA40C0F1F223248002B1273 /* TemperatureCell.swift in Sources */,
				E6196FC31F2ACE3100370667 /* AnimateProtocol.swift in Sources */,
				E6196FDA1F2ADFD000370667 /* LocationManager.swift in Sources */,
				E68E2ED51F2F1D4E00857CC4 /* CityPickerView.swift in Sources */,
				CCA40C191F223572002B1273 /* EnumModel.swift in Sources */,
				E6196FD31F2ACE6800370667 /* NetProtocol.swift in Sources */,
				E6B1A0951F26F0EE00633EC8 /* ToolsProtocol.swift in Sources */,
				E6196FD71F2ADCE200370667 /* AnimateManager.swift in Sources */,
				E6B1A0971F27346B00633EC8 /* StruceModel.swift in Sources */,
				CC6227EE1F2485B4007FC5FB /* ChartCell.swift in Sources */,
				E6E631811F219B9A005FAD1D /* HeaderView.swift in Sources */,
				E6196FD81F2ADCE200370667 /* TransitionAnimateProtocol.swift in Sources */,
				E68E2ED11F2F102C00857CC4 /* GestureProtocol.swift in Sources */,
				E6E633A31F2200AF005FAD1D /* MainTableView.swift in Sources */,
				CC589E621F278F2100B85CCE /* SwiftyJSON.swift in Sources */,
				CCCC91561F210CA6003ACCA2 /* AppDelegate.swift in Sources */,
			);
			runOnlyForDeploymentPostprocessing = 0;
		};
		CCCC91621F210CA6003ACCA2 /* Sources */ = {
			isa = PBXSourcesBuildPhase;
			buildActionMask = 2147483647;
			files = (
				CCCC916B1F210CA6003ACCA2 /* WeatherTests.swift in Sources */,
			);
			runOnlyForDeploymentPostprocessing = 0;
		};
		CCCC916D1F210CA6003ACCA2 /* Sources */ = {
			isa = PBXSourcesBuildPhase;
			buildActionMask = 2147483647;
			files = (
				CCCC91761F210CA6003ACCA2 /* WeatherUITests.swift in Sources */,
			);
			runOnlyForDeploymentPostprocessing = 0;
		};
/* End PBXSourcesBuildPhase section */

/* Begin PBXTargetDependency section */
		CCCC91681F210CA6003ACCA2 /* PBXTargetDependency */ = {
			isa = PBXTargetDependency;
			target = CCCC91511F210CA6003ACCA2 /* WeatherLife */;
			targetProxy = CCCC91671F210CA6003ACCA2 /* PBXContainerItemProxy */;
		};
		CCCC91731F210CA6003ACCA2 /* PBXTargetDependency */ = {
			isa = PBXTargetDependency;
			target = CCCC91511F210CA6003ACCA2 /* WeatherLife */;
			targetProxy = CCCC91721F210CA6003ACCA2 /* PBXContainerItemProxy */;
		};
		E6B1A1581F274C7700633EC8 /* PBXTargetDependency */ = {
			isa = PBXTargetDependency;
			name = "Alamofire iOS";
			targetProxy = E6B1A1571F274C7700633EC8 /* PBXContainerItemProxy */;
		};
		E6BD012C1F287CE4007BC048 /* PBXTargetDependency */ = {
			isa = PBXTargetDependency;
			name = "HandyJSON iOS";
			targetProxy = E6BD012B1F287CE4007BC048 /* PBXContainerItemProxy */;
		};
/* End PBXTargetDependency section */

/* Begin PBXVariantGroup section */
		E68E2ECB1F2F0FD900857CC4 /* Main.storyboard */ = {
			isa = PBXVariantGroup;
			children = (
				E68E2ECC1F2F0FD900857CC4 /* Base */,
			);
			name = Main.storyboard;
			sourceTree = "<group>";
		};
/* End PBXVariantGroup section */

/* Begin XCBuildConfiguration section */
		CCCC91781F210CA6003ACCA2 /* Debug */ = {
			isa = XCBuildConfiguration;
			buildSettings = {
				ALWAYS_SEARCH_USER_PATHS = NO;
				CLANG_ANALYZER_NONNULL = YES;
				CLANG_ANALYZER_NUMBER_OBJECT_CONVERSION = YES_AGGRESSIVE;
				CLANG_CXX_LANGUAGE_STANDARD = "gnu++0x";
				CLANG_CXX_LIBRARY = "libc++";
				CLANG_ENABLE_MODULES = YES;
				CLANG_ENABLE_OBJC_ARC = YES;
				CLANG_WARN_BOOL_CONVERSION = YES;
				CLANG_WARN_CONSTANT_CONVERSION = YES;
				CLANG_WARN_DIRECT_OBJC_ISA_USAGE = YES_ERROR;
				CLANG_WARN_DOCUMENTATION_COMMENTS = YES;
				CLANG_WARN_EMPTY_BODY = YES;
				CLANG_WARN_ENUM_CONVERSION = YES;
				CLANG_WARN_INFINITE_RECURSION = YES;
				CLANG_WARN_INT_CONVERSION = YES;
				CLANG_WARN_OBJC_ROOT_CLASS = YES_ERROR;
				CLANG_WARN_SUSPICIOUS_MOVE = YES;
				CLANG_WARN_UNREACHABLE_CODE = YES;
				CLANG_WARN__DUPLICATE_METHOD_MATCH = YES;
				"CODE_SIGN_IDENTITY[sdk=iphoneos*]" = "iPhone Developer";
				COPY_PHASE_STRIP = NO;
				DEBUG_INFORMATION_FORMAT = dwarf;
				ENABLE_STRICT_OBJC_MSGSEND = YES;
				ENABLE_TESTABILITY = YES;
				GCC_C_LANGUAGE_STANDARD = gnu99;
				GCC_DYNAMIC_NO_PIC = NO;
				GCC_NO_COMMON_BLOCKS = YES;
				GCC_OPTIMIZATION_LEVEL = 0;
				GCC_PREPROCESSOR_DEFINITIONS = (
					"DEBUG=1",
					"$(inherited)",
				);
				GCC_WARN_64_TO_32_BIT_CONVERSION = YES;
				GCC_WARN_ABOUT_RETURN_TYPE = YES_ERROR;
				GCC_WARN_UNDECLARED_SELECTOR = YES;
				GCC_WARN_UNINITIALIZED_AUTOS = YES_AGGRESSIVE;
				GCC_WARN_UNUSED_FUNCTION = YES;
				GCC_WARN_UNUSED_VARIABLE = YES;
				IPHONEOS_DEPLOYMENT_TARGET = 10.3;
				MTL_ENABLE_DEBUG_INFO = YES;
				ONLY_ACTIVE_ARCH = YES;
				SDKROOT = iphoneos;
				SWIFT_ACTIVE_COMPILATION_CONDITIONS = DEBUG;
				SWIFT_OPTIMIZATION_LEVEL = "-Onone";
				TARGETED_DEVICE_FAMILY = "1,2";
			};
			name = Debug;
		};
		CCCC91791F210CA6003ACCA2 /* Release */ = {
			isa = XCBuildConfiguration;
			buildSettings = {
				ALWAYS_SEARCH_USER_PATHS = NO;
				CLANG_ANALYZER_NONNULL = YES;
				CLANG_ANALYZER_NUMBER_OBJECT_CONVERSION = YES_AGGRESSIVE;
				CLANG_CXX_LANGUAGE_STANDARD = "gnu++0x";
				CLANG_CXX_LIBRARY = "libc++";
				CLANG_ENABLE_MODULES = YES;
				CLANG_ENABLE_OBJC_ARC = YES;
				CLANG_WARN_BOOL_CONVERSION = YES;
				CLANG_WARN_CONSTANT_CONVERSION = YES;
				CLANG_WARN_DIRECT_OBJC_ISA_USAGE = YES_ERROR;
				CLANG_WARN_DOCUMENTATION_COMMENTS = YES;
				CLANG_WARN_EMPTY_BODY = YES;
				CLANG_WARN_ENUM_CONVERSION = YES;
				CLANG_WARN_INFINITE_RECURSION = YES;
				CLANG_WARN_INT_CONVERSION = YES;
				CLANG_WARN_OBJC_ROOT_CLASS = YES_ERROR;
				CLANG_WARN_SUSPICIOUS_MOVE = YES;
				CLANG_WARN_UNREACHABLE_CODE = YES;
				CLANG_WARN__DUPLICATE_METHOD_MATCH = YES;
				"CODE_SIGN_IDENTITY[sdk=iphoneos*]" = "iPhone Developer";
				COPY_PHASE_STRIP = NO;
				DEBUG_INFORMATION_FORMAT = "dwarf-with-dsym";
				ENABLE_NS_ASSERTIONS = NO;
				ENABLE_STRICT_OBJC_MSGSEND = YES;
				GCC_C_LANGUAGE_STANDARD = gnu99;
				GCC_NO_COMMON_BLOCKS = YES;
				GCC_WARN_64_TO_32_BIT_CONVERSION = YES;
				GCC_WARN_ABOUT_RETURN_TYPE = YES_ERROR;
				GCC_WARN_UNDECLARED_SELECTOR = YES;
				GCC_WARN_UNINITIALIZED_AUTOS = YES_AGGRESSIVE;
				GCC_WARN_UNUSED_FUNCTION = YES;
				GCC_WARN_UNUSED_VARIABLE = YES;
				IPHONEOS_DEPLOYMENT_TARGET = 10.3;
				MTL_ENABLE_DEBUG_INFO = NO;
				SDKROOT = iphoneos;
				SWIFT_OPTIMIZATION_LEVEL = "-Owholemodule";
				TARGETED_DEVICE_FAMILY = "1,2";
				VALIDATE_PRODUCT = YES;
			};
			name = Release;
		};
		CCCC917B1F210CA6003ACCA2 /* Debug */ = {
			isa = XCBuildConfiguration;
			buildSettings = {
				ALWAYS_EMBED_SWIFT_STANDARD_LIBRARIES = YES;
				ASSETCATALOG_COMPILER_APPICON_NAME = AppIcon;
				"CODE_SIGN_IDENTITY[sdk=iphoneos*]" = "iPhone Developer";
				DEVELOPMENT_TEAM = 8ZX32FES47;
				ENABLE_BITCODE = NO;
				FRAMEWORK_SEARCH_PATHS = (
					"$(inherited)",
					"$(PROJECT_DIR)/Weather/depends",
				);
				INFOPLIST_FILE = Weather/Info.plist;
				IPHONEOS_DEPLOYMENT_TARGET = 9.0;
				LD_RUNPATH_SEARCH_PATHS = "$(inherited) @executable_path/Frameworks";
				PRODUCT_BUNDLE_IDENTIFIER = com.yadong.weatherlife;
				PRODUCT_NAME = "$(TARGET_NAME)";
				PROVISIONING_PROFILE_SPECIFIER = "";
				SWIFT_VERSION = 3.0;
				TARGETED_DEVICE_FAMILY = 1;
			};
			name = Debug;
		};
		CCCC917C1F210CA6003ACCA2 /* Release */ = {
			isa = XCBuildConfiguration;
			buildSettings = {
				ALWAYS_EMBED_SWIFT_STANDARD_LIBRARIES = YES;
				ASSETCATALOG_COMPILER_APPICON_NAME = AppIcon;
				"CODE_SIGN_IDENTITY[sdk=iphoneos*]" = "iPhone Developer";
				DEVELOPMENT_TEAM = 8ZX32FES47;
				ENABLE_BITCODE = NO;
				FRAMEWORK_SEARCH_PATHS = (
					"$(inherited)",
					"$(PROJECT_DIR)/Weather/depends",
				);
				INFOPLIST_FILE = Weather/Info.plist;
				IPHONEOS_DEPLOYMENT_TARGET = 9.0;
				LD_RUNPATH_SEARCH_PATHS = "$(inherited) @executable_path/Frameworks";
				PRODUCT_BUNDLE_IDENTIFIER = com.yadong.weatherlife;
				PRODUCT_NAME = "$(TARGET_NAME)";
				PROVISIONING_PROFILE_SPECIFIER = "";
				SWIFT_VERSION = 3.0;
				TARGETED_DEVICE_FAMILY = 1;
			};
			name = Release;
		};
		CCCC917E1F210CA6003ACCA2 /* Debug */ = {
			isa = XCBuildConfiguration;
			buildSettings = {
				ALWAYS_EMBED_SWIFT_STANDARD_LIBRARIES = YES;
				BUNDLE_LOADER = "$(TEST_HOST)";
				DEVELOPMENT_TEAM = N4BV59BFD9;
				INFOPLIST_FILE = WeatherTests/Info.plist;
				LD_RUNPATH_SEARCH_PATHS = "$(inherited) @executable_path/Frameworks @loader_path/Frameworks";
				PRODUCT_BUNDLE_IDENTIFIER = com.yadong.WeatherTests;
				PRODUCT_NAME = "$(TARGET_NAME)";
				SWIFT_VERSION = 3.0;
				TEST_HOST = "$(BUILT_PRODUCTS_DIR)/WeatherLife.app/WeatherLife";
			};
			name = Debug;
		};
		CCCC917F1F210CA6003ACCA2 /* Release */ = {
			isa = XCBuildConfiguration;
			buildSettings = {
				ALWAYS_EMBED_SWIFT_STANDARD_LIBRARIES = YES;
				BUNDLE_LOADER = "$(TEST_HOST)";
				DEVELOPMENT_TEAM = N4BV59BFD9;
				INFOPLIST_FILE = WeatherTests/Info.plist;
				LD_RUNPATH_SEARCH_PATHS = "$(inherited) @executable_path/Frameworks @loader_path/Frameworks";
				PRODUCT_BUNDLE_IDENTIFIER = com.yadong.WeatherTests;
				PRODUCT_NAME = "$(TARGET_NAME)";
				SWIFT_VERSION = 3.0;
				TEST_HOST = "$(BUILT_PRODUCTS_DIR)/WeatherLife.app/WeatherLife";
			};
			name = Release;
		};
		CCCC91811F210CA6003ACCA2 /* Debug */ = {
			isa = XCBuildConfiguration;
			buildSettings = {
				ALWAYS_EMBED_SWIFT_STANDARD_LIBRARIES = YES;
				DEVELOPMENT_TEAM = N4BV59BFD9;
				INFOPLIST_FILE = WeatherUITests/Info.plist;
				LD_RUNPATH_SEARCH_PATHS = "$(inherited) @executable_path/Frameworks @loader_path/Frameworks";
				PRODUCT_BUNDLE_IDENTIFIER = com.yadong.WeatherUITests;
				PRODUCT_NAME = "$(TARGET_NAME)";
				SWIFT_VERSION = 3.0;
				TEST_TARGET_NAME = Weather;
			};
			name = Debug;
		};
		CCCC91821F210CA6003ACCA2 /* Release */ = {
			isa = XCBuildConfiguration;
			buildSettings = {
				ALWAYS_EMBED_SWIFT_STANDARD_LIBRARIES = YES;
				DEVELOPMENT_TEAM = N4BV59BFD9;
				INFOPLIST_FILE = WeatherUITests/Info.plist;
				LD_RUNPATH_SEARCH_PATHS = "$(inherited) @executable_path/Frameworks @loader_path/Frameworks";
				PRODUCT_BUNDLE_IDENTIFIER = com.yadong.WeatherUITests;
				PRODUCT_NAME = "$(TARGET_NAME)";
				SWIFT_VERSION = 3.0;
				TEST_TARGET_NAME = Weather;
			};
			name = Release;
		};
/* End XCBuildConfiguration section */

/* Begin XCConfigurationList section */
		CCCC914D1F210CA6003ACCA2 /* Build configuration list for PBXProject "WeatherLife" */ = {
			isa = XCConfigurationList;
			buildConfigurations = (
				CCCC91781F210CA6003ACCA2 /* Debug */,
				CCCC91791F210CA6003ACCA2 /* Release */,
			);
			defaultConfigurationIsVisible = 0;
			defaultConfigurationName = Release;
		};
		CCCC917A1F210CA6003ACCA2 /* Build configuration list for PBXNativeTarget "WeatherLife" */ = {
			isa = XCConfigurationList;
			buildConfigurations = (
				CCCC917B1F210CA6003ACCA2 /* Debug */,
				CCCC917C1F210CA6003ACCA2 /* Release */,
			);
			defaultConfigurationIsVisible = 0;
			defaultConfigurationName = Release;
		};
		CCCC917D1F210CA6003ACCA2 /* Build configuration list for PBXNativeTarget "WeatherLifeTests" */ = {
			isa = XCConfigurationList;
			buildConfigurations = (
				CCCC917E1F210CA6003ACCA2 /* Debug */,
				CCCC917F1F210CA6003ACCA2 /* Release */,
			);
			defaultConfigurationIsVisible = 0;
			defaultConfigurationName = Release;
		};
		CCCC91801F210CA6003ACCA2 /* Build configuration list for PBXNativeTarget "WeatherLifeUITests" */ = {
			isa = XCConfigurationList;
			buildConfigurations = (
				CCCC91811F210CA6003ACCA2 /* Debug */,
				CCCC91821F210CA6003ACCA2 /* Release */,
			);
			defaultConfigurationIsVisible = 0;
			defaultConfigurationName = Release;
		};
/* End XCConfigurationList section */
	};
	rootObject = CCCC914A1F210CA6003ACCA2 /* Project object */;
}
